
Microsoft Visual Studio Solution File, Format Version 12.00
# Visual Studio Version 17
VisualStudioVersion = 17.2.32630.192
MinimumVisualStudioVersion = 10.0.40219.1
Project("{FAE04EC0-301F-11D3-BF4B-00C04F79EFBC}") = "findmytutor", "findmytutor\findmytutor.csproj", "{59485FF1-D5A4-494B-A327-F1221DCD9B1C}"
EndProject
Project("{2150E333-8FDC-42A3-9474-1A3956D46DE8}") = "Solution Items", "Solution Items", "{0E46318B-EA67-423B-8B12-B3CF9C0F7780}"
	ProjectSection(SolutionItems) = preProject
		.editorconfig = .editorconfig
	EndProjectSection
EndProject
Global
	GlobalSection(SolutionConfigurationPlatforms) = preSolution
		Debug|Any CPU = Debug|Any CPU
		Release|Any CPU = Release|Any CPU
	EndGlobalSection
	GlobalSection(ProjectConfigurationPlatforms) = postSolution
		{59485FF1-D5A4-494B-A327-F1221DCD9B1C}.Debug|Any CPU.ActiveCfg = Debug|Any CPU
		{59485FF1-D5A4-494B-A327-F1221DCD9B1C}.Debug|Any CPU.Build.0 = Debug|Any CPU
		{59485FF1-D5A4-494B-A327-F1221DCD9B1C}.Release|Any CPU.ActiveCfg = Release|Any CPU
		{59485FF1-D5A4-494B-A327-F1221DCD9B1C}.Release|Any CPU.Build.0 = Release|Any CPU
	EndGlobalSection
	GlobalSection(SolutionProperties) = preSolution
		HideSolutionNode = FALSE
	EndGlobalSection
	GlobalSection(ExtensibilityGlobals) = postSolution
		SolutionGuid = {4A33C867-695B-45A0-B723-8F987FF9F4D5}
	EndGlobalSection
EndGlobal
